
Microsoft Visual Studio Solution File, Format Version 12.00
# Visual Studio Version 17
VisualStudioVersion = 17.13.35825.156 d17.13
MinimumVisualStudioVersion = 10.0.40219.1
Project("{FAE04EC0-301F-11D3-BF4B-00C04F79EFBC}") = "WeatherService", "WeatherService.csproj", "{DB48228F-6A1E-45A5-893C-C6C2CEB46A16}"
EndProject
Project("{FAE04EC0-301F-11D3-BF4B-00C04F79EFBC}") = "WeatherService.Tests", "..\WeatherService.Tests\WeatherService.Tests.csproj", "{19426425-5047-404A-B1F2-B8EFECDFBE32}"
EndProject
Global
	GlobalSection(SolutionConfigurationPlatforms) = preSolution
		Debug|Any CPU = Debug|Any CPU
		Release|Any CPU = Release|Any CPU
	EndGlobalSection
	GlobalSection(ProjectConfigurationPlatforms) = postSolution
		{DB48228F-6A1E-45A5-893C-C6C2CEB46A16}.Debug|Any CPU.ActiveCfg = Debug|Any CPU
		{DB48228F-6A1E-45A5-893C-C6C2CEB46A16}.Debug|Any CPU.Build.0 = Debug|Any CPU
		{DB48228F-6A1E-45A5-893C-C6C2CEB46A16}.Release|Any CPU.ActiveCfg = Release|Any CPU
		{DB48228F-6A1E-45A5-893C-C6C2CEB46A16}.Release|Any CPU.Build.0 = Release|Any CPU
		{19426425-5047-404A-B1F2-B8EFECDFBE32}.Debug|Any CPU.ActiveCfg = Debug|Any CPU
		{19426425-5047-404A-B1F2-B8EFECDFBE32}.Debug|Any CPU.Build.0 = Debug|Any CPU
		{19426425-5047-404A-B1F2-B8EFECDFBE32}.Release|Any CPU.ActiveCfg = Release|Any CPU
		{19426425-5047-404A-B1F2-B8EFECDFBE32}.Release|Any CPU.Build.0 = Release|Any CPU
	EndGlobalSection
	GlobalSection(SolutionProperties) = preSolution
		HideSolutionNode = FALSE
	EndGlobalSection
	GlobalSection(ExtensibilityGlobals) = postSolution
		SolutionGuid = {409901A2-0F0E-4393-B2ED-4EE1CD0AC35D}
	EndGlobalSection
EndGlobal
